// !$*UTF8*$!
{
	archiveVersion = 1;
	classes = {
	};
	objectVersion = 48;
	objects = {

/* Begin PBXBuildFile section */
		9B1214EE1FD8972B008C974D /* ship.jpg in Resources */ = {isa = PBXBuildFile; fileRef = 9B1214ED1FD8972B008C974D /* ship.jpg */; };
		9B1214F01FD8B0B8008C974D /* space.png in Resources */ = {isa = PBXBuildFile; fileRef = 9B1214EF1FD8B0B7008C974D /* space.png */; };
		9B1214F21FD8B200008C974D /* ship.png in Resources */ = {isa = PBXBuildFile; fileRef = 9B1214F11FD8B200008C974D /* ship.png */; };
		9B72F4B91FDB12F30060DA06 /* StartBt.png in Resources */ = {isa = PBXBuildFile; fileRef = 9B72F4B81FDB12F30060DA06 /* StartBt.png */; };
		9B72F4DC1FDB2BDD0060DA06 /* Bounce.swift in Sources */ = {isa = PBXBuildFile; fileRef = 9B72F4DB1FDB2BDD0060DA06 /* Bounce.swift */; };
		9B72F5001FDB3C6B0060DA06 /* obst.png in Resources */ = {isa = PBXBuildFile; fileRef = 9B72F4FF1FDB3C6B0060DA06 /* obst.png */; };
		9BA635681FDF2ED800768058 /* Default-568h@2x.png in Resources */ = {isa = PBXBuildFile; fileRef = 9BA635671FDF2ED800768058 /* Default-568h@2x.png */; };
		9BA636021FDF3A0D00768058 /* Icon-50.png in Resources */ = {isa = PBXBuildFile; fileRef = 9BA635E41FDF3A0B00768058 /* Icon-50.png */; };
		9BA636031FDF3A0D00768058 /* Icon-88.png in Resources */ = {isa = PBXBuildFile; fileRef = 9BA635E51FDF3A0C00768058 /* Icon-88.png */; };
		9BA636041FDF3A0D00768058 /* Icon-172.png in Resources */ = {isa = PBXBuildFile; fileRef = 9BA635E61FDF3A0C00768058 /* Icon-172.png */; };
		9BA636051FDF3A0D00768058 /* Icon-512.png in Resources */ = {isa = PBXBuildFile; fileRef = 9BA635E71FDF3A0C00768058 /* Icon-512.png */; };
		9BA636061FDF3A0D00768058 /* Icon-29.png in Resources */ = {isa = PBXBuildFile; fileRef = 9BA635E81FDF3A0C00768058 /* Icon-29.png */; };
		9BA636071FDF3A0D00768058 /* Icon-144.png in Resources */ = {isa = PBXBuildFile; fileRef = 9BA635E91FDF3A0C00768058 /* Icon-144.png */; };
		9BA636081FDF3A0D00768058 /* Icon-72.png in Resources */ = {isa = PBXBuildFile; fileRef = 9BA635EA1FDF3A0C00768058 /* Icon-72.png */; };
		9BA636091FDF3A0D00768058 /* Icon-57.png in Resources */ = {isa = PBXBuildFile; fileRef = 9BA635EB1FDF3A0C00768058 /* Icon-57.png */; };
		9BA6360A1FDF3A0D00768058 /* Icon-128.png in Resources */ = {isa = PBXBuildFile; fileRef = 9BA635EC1FDF3A0C00768058 /* Icon-128.png */; };
		9BA6360B1FDF3A0D00768058 /* Icon-180.png in Resources */ = {isa = PBXBuildFile; fileRef = 9BA635ED1FDF3A0C00768058 /* Icon-180.png */; };
		9BA6360C1FDF3A0D00768058 /* Icon-40.png in Resources */ = {isa = PBXBuildFile; fileRef = 9BA635EE1FDF3A0C00768058 /* Icon-40.png */; };
		9BA6360D1FDF3A0D00768058 /* Icon-80.png in Resources */ = {isa = PBXBuildFile; fileRef = 9BA635EF1FDF3A0C00768058 /* Icon-80.png */; };
		9BA6360E1FDF3A0E00768058 /* Icon-114.png in Resources */ = {isa = PBXBuildFile; fileRef = 9BA635F01FDF3A0C00768058 /* Icon-114.png */; };
		9BA6360F1FDF3A0E00768058 /* Icon-100.png in Resources */ = {isa = PBXBuildFile; fileRef = 9BA635F11FDF3A0C00768058 /* Icon-100.png */; };
		9BA636101FDF3A0E00768058 /* Icon-167.png in Resources */ = {isa = PBXBuildFile; fileRef = 9BA635F21FDF3A0C00768058 /* Icon-167.png */; };
		9BA636111FDF3A0E00768058 /* Icon-152.png in Resources */ = {isa = PBXBuildFile; fileRef = 9BA635F31FDF3A0C00768058 /* Icon-152.png */; };
		9BA636121FDF3A0E00768058 /* Icon-60.png in Resources */ = {isa = PBXBuildFile; fileRef = 9BA635F41FDF3A0C00768058 /* Icon-60.png */; };
		9BA636131FDF3A0E00768058 /* Icon-196.png in Resources */ = {isa = PBXBuildFile; fileRef = 9BA635F51FDF3A0D00768058 /* Icon-196.png */; };
		9BA636141FDF3A0E00768058 /* Icon-55.png in Resources */ = {isa = PBXBuildFile; fileRef = 9BA635F61FDF3A0D00768058 /* Icon-55.png */; };
		9BA636151FDF3A0E00768058 /* Icon-256.png in Resources */ = {isa = PBXBuildFile; fileRef = 9BA635F71FDF3A0D00768058 /* Icon-256.png */; };
		9BA636161FDF3A0E00768058 /* Icon-20.png in Resources */ = {isa = PBXBuildFile; fileRef = 9BA635F81FDF3A0D00768058 /* Icon-20.png */; };
		9BA636171FDF3A0E00768058 /* Icon-76.png in Resources */ = {isa = PBXBuildFile; fileRef = 9BA635F91FDF3A0D00768058 /* Icon-76.png */; };
		9BA636181FDF3A0E00768058 /* Icon-58.png in Resources */ = {isa = PBXBuildFile; fileRef = 9BA635FA1FDF3A0D00768058 /* Icon-58.png */; };
		9BA636191FDF3A0E00768058 /* Icon-64.png in Resources */ = {isa = PBXBuildFile; fileRef = 9BA635FB1FDF3A0D00768058 /* Icon-64.png */; };
		9BA6361A1FDF3A0E00768058 /* Icon-1024.png in Resources */ = {isa = PBXBuildFile; fileRef = 9BA635FC1FDF3A0D00768058 /* Icon-1024.png */; };
		9BA6361B1FDF3A0E00768058 /* Icon-32.png in Resources */ = {isa = PBXBuildFile; fileRef = 9BA635FD1FDF3A0D00768058 /* Icon-32.png */; };
		9BA6361C1FDF3A0E00768058 /* Icon-120.png in Resources */ = {isa = PBXBuildFile; fileRef = 9BA635FE1FDF3A0D00768058 /* Icon-120.png */; };
		9BA6361D1FDF3A0E00768058 /* Icon-16.png in Resources */ = {isa = PBXBuildFile; fileRef = 9BA635FF1FDF3A0D00768058 /* Icon-16.png */; };
		9BA6361E1FDF3A0E00768058 /* Icon-48.png in Resources */ = {isa = PBXBuildFile; fileRef = 9BA636001FDF3A0D00768058 /* Icon-48.png */; };
		9BA6361F1FDF3A0E00768058 /* Icon-87.png in Resources */ = {isa = PBXBuildFile; fileRef = 9BA636011FDF3A0D00768058 /* Icon-87.png */; };
		A83D37381FCF8E5E007965AE /* AppDelegate.swift in Sources */ = {isa = PBXBuildFile; fileRef = A83D37371FCF8E5E007965AE /* AppDelegate.swift */; };
		A83D373A1FCF8E5E007965AE /* ViewController.swift in Sources */ = {isa = PBXBuildFile; fileRef = A83D37391FCF8E5E007965AE /* ViewController.swift */; };
		A83D373D1FCF8E5E007965AE /* Main.storyboard in Resources */ = {isa = PBXBuildFile; fileRef = A83D373B1FCF8E5E007965AE /* Main.storyboard */; };
		A83D373F1FCF8E5E007965AE /* Assets.xcassets in Resources */ = {isa = PBXBuildFile; fileRef = A83D373E1FCF8E5E007965AE /* Assets.xcassets */; };
		A83D37421FCF8E5E007965AE /* LaunchScreen.storyboard in Resources */ = {isa = PBXBuildFile; fileRef = A83D37401FCF8E5E007965AE /* LaunchScreen.storyboard */; };
/* End PBXBuildFile section */

/* Begin PBXFileReference section */
		9B1214ED1FD8972B008C974D /* ship.jpg */ = {isa = PBXFileReference; lastKnownFileType = image.jpeg; name = ship.jpg; path = images/ship.jpg; sourceTree = "<group>"; };
		9B1214EF1FD8B0B7008C974D /* space.png */ = {isa = PBXFileReference; lastKnownFileType = image.png; name = space.png; path = images/space.png; sourceTree = "<group>"; };
		9B1214F11FD8B200008C974D /* ship.png */ = {isa = PBXFileReference; lastKnownFileType = image.png; name = ship.png; path = images/ship.png; sourceTree = "<group>"; };
		9B72F4B81FDB12F30060DA06 /* StartBt.png */ = {isa = PBXFileReference; lastKnownFileType = image.png; name = StartBt.png; path = images/StartBt.png; sourceTree = "<group>"; };
		9B72F4DB1FDB2BDD0060DA06 /* Bounce.swift */ = {isa = PBXFileReference; lastKnownFileType = sourcecode.swift; path = Bounce.swift; sourceTree = "<group>"; };
		9B72F4FF1FDB3C6B0060DA06 /* obst.png */ = {isa = PBXFileReference; lastKnownFileType = image.png; name = obst.png; path = images/obst.png; sourceTree = "<group>"; };
		9BA635671FDF2ED800768058 /* Default-568h@2x.png */ = {isa = PBXFileReference; lastKnownFileType = image.png; path = "Default-568h@2x.png"; sourceTree = "<group>"; };
		9BA635E41FDF3A0B00768058 /* Icon-50.png */ = {isa = PBXFileReference; lastKnownFileType = image.png; path = "Icon-50.png"; sourceTree = "<group>"; };
		9BA635E51FDF3A0C00768058 /* Icon-88.png */ = {isa = PBXFileReference; lastKnownFileType = image.png; path = "Icon-88.png"; sourceTree = "<group>"; };
		9BA635E61FDF3A0C00768058 /* Icon-172.png */ = {isa = PBXFileReference; lastKnownFileType = image.png; path = "Icon-172.png"; sourceTree = "<group>"; };
		9BA635E71FDF3A0C00768058 /* Icon-512.png */ = {isa = PBXFileReference; lastKnownFileType = image.png; path = "Icon-512.png"; sourceTree = "<group>"; };
		9BA635E81FDF3A0C00768058 /* Icon-29.png */ = {isa = PBXFileReference; lastKnownFileType = image.png; path = "Icon-29.png"; sourceTree = "<group>"; };
		9BA635E91FDF3A0C00768058 /* Icon-144.png */ = {isa = PBXFileReference; lastKnownFileType = image.png; path = "Icon-144.png"; sourceTree = "<group>"; };
		9BA635EA1FDF3A0C00768058 /* Icon-72.png */ = {isa = PBXFileReference; lastKnownFileType = image.png; path = "Icon-72.png"; sourceTree = "<group>"; };
		9BA635EB1FDF3A0C00768058 /* Icon-57.png */ = {isa = PBXFileReference; lastKnownFileType = image.png; path = "Icon-57.png"; sourceTree = "<group>"; };
		9BA635EC1FDF3A0C00768058 /* Icon-128.png */ = {isa = PBXFileReference; lastKnownFileType = image.png; path = "Icon-128.png"; sourceTree = "<group>"; };
		9BA635ED1FDF3A0C00768058 /* Icon-180.png */ = {isa = PBXFileReference; lastKnownFileType = image.png; path = "Icon-180.png"; sourceTree = "<group>"; };
		9BA635EE1FDF3A0C00768058 /* Icon-40.png */ = {isa = PBXFileReference; lastKnownFileType = image.png; path = "Icon-40.png"; sourceTree = "<group>"; };
		9BA635EF1FDF3A0C00768058 /* Icon-80.png */ = {isa = PBXFileReference; lastKnownFileType = image.png; path = "Icon-80.png"; sourceTree = "<group>"; };
		9BA635F01FDF3A0C00768058 /* Icon-114.png */ = {isa = PBXFileReference; lastKnownFileType = image.png; path = "Icon-114.png"; sourceTree = "<group>"; };
		9BA635F11FDF3A0C00768058 /* Icon-100.png */ = {isa = PBXFileReference; lastKnownFileType = image.png; path = "Icon-100.png"; sourceTree = "<group>"; };
		9BA635F21FDF3A0C00768058 /* Icon-167.png */ = {isa = PBXFileReference; lastKnownFileType = image.png; path = "Icon-167.png"; sourceTree = "<group>"; };
		9BA635F31FDF3A0C00768058 /* Icon-152.png */ = {isa = PBXFileReference; lastKnownFileType = image.png; path = "Icon-152.png"; sourceTree = "<group>"; };
		9BA635F41FDF3A0C00768058 /* Icon-60.png */ = {isa = PBXFileReference; lastKnownFileType = image.png; path = "Icon-60.png"; sourceTree = "<group>"; };
		9BA635F51FDF3A0D00768058 /* Icon-196.png */ = {isa = PBXFileReference; lastKnownFileType = image.png; path = "Icon-196.png"; sourceTree = "<group>"; };
		9BA635F61FDF3A0D00768058 /* Icon-55.png */ = {isa = PBXFileReference; lastKnownFileType = image.png; path = "Icon-55.png"; sourceTree = "<group>"; };
		9BA635F71FDF3A0D00768058 /* Icon-256.png */ = {isa = PBXFileReference; lastKnownFileType = image.png; path = "Icon-256.png"; sourceTree = "<group>"; };
		9BA635F81FDF3A0D00768058 /* Icon-20.png */ = {isa = PBXFileReference; lastKnownFileType = image.png; path = "Icon-20.png"; sourceTree = "<group>"; };
		9BA635F91FDF3A0D00768058 /* Icon-76.png */ = {isa = PBXFileReference; lastKnownFileType = image.png; path = "Icon-76.png"; sourceTree = "<group>"; };
		9BA635FA1FDF3A0D00768058 /* Icon-58.png */ = {isa = PBXFileReference; lastKnownFileType = image.png; path = "Icon-58.png"; sourceTree = "<group>"; };
		9BA635FB1FDF3A0D00768058 /* Icon-64.png */ = {isa = PBXFileReference; lastKnownFileType = image.png; path = "Icon-64.png"; sourceTree = "<group>"; };
		9BA635FC1FDF3A0D00768058 /* Icon-1024.png */ = {isa = PBXFileReference; lastKnownFileType = image.png; path = "Icon-1024.png"; sourceTree = "<group>"; };
		9BA635FD1FDF3A0D00768058 /* Icon-32.png */ = {isa = PBXFileReference; lastKnownFileType = image.png; path = "Icon-32.png"; sourceTree = "<group>"; };
		9BA635FE1FDF3A0D00768058 /* Icon-120.png */ = {isa = PBXFileReference; lastKnownFileType = image.png; path = "Icon-120.png"; sourceTree = "<group>"; };
		9BA635FF1FDF3A0D00768058 /* Icon-16.png */ = {isa = PBXFileReference; lastKnownFileType = image.png; path = "Icon-16.png"; sourceTree = "<group>"; };
		9BA636001FDF3A0D00768058 /* Icon-48.png */ = {isa = PBXFileReference; lastKnownFileType = image.png; path = "Icon-48.png"; sourceTree = "<group>"; };
		9BA636011FDF3A0D00768058 /* Icon-87.png */ = {isa = PBXFileReference; lastKnownFileType = image.png; path = "Icon-87.png"; sourceTree = "<group>"; };
		A83D37341FCF8E5E007965AE /* NutDrive.app */ = {isa = PBXFileReference; explicitFileType = wrapper.application; includeInIndex = 0; path = NutDrive.app; sourceTree = BUILT_PRODUCTS_DIR; };
		A83D37371FCF8E5E007965AE /* AppDelegate.swift */ = {isa = PBXFileReference; lastKnownFileType = sourcecode.swift; path = AppDelegate.swift; sourceTree = "<group>"; };
		A83D37391FCF8E5E007965AE /* ViewController.swift */ = {isa = PBXFileReference; lastKnownFileType = sourcecode.swift; path = ViewController.swift; sourceTree = "<group>"; };
		A83D373C1FCF8E5E007965AE /* Base */ = {isa = PBXFileReference; lastKnownFileType = file.storyboard; name = Base; path = Base.lproj/Main.storyboard; sourceTree = "<group>"; };
		A83D373E1FCF8E5E007965AE /* Assets.xcassets */ = {isa = PBXFileReference; lastKnownFileType = folder.assetcatalog; path = Assets.xcassets; sourceTree = "<group>"; };
		A83D37411FCF8E5E007965AE /* Base */ = {isa = PBXFileReference; lastKnownFileType = file.storyboard; name = Base; path = Base.lproj/LaunchScreen.storyboard; sourceTree = "<group>"; };
		A83D37431FCF8E5E007965AE /* Info.plist */ = {isa = PBXFileReference; lastKnownFileType = text.plist.xml; path = Info.plist; sourceTree = "<group>"; };
/* End PBXFileReference section */

/* Begin PBXFrameworksBuildPhase section */
		A83D37311FCF8E5E007965AE /* Frameworks */ = {
			isa = PBXFrameworksBuildPhase;
			buildActionMask = 2147483647;
			files = (
			);
			runOnlyForDeploymentPostprocessing = 0;
		};
/* End PBXFrameworksBuildPhase section */

/* Begin PBXGroup section */
		9B1214EC1FD89719008C974D /* images */ = {
			isa = PBXGroup;
			children = (
				9B72F4FF1FDB3C6B0060DA06 /* obst.png */,
				9B72F4B81FDB12F30060DA06 /* StartBt.png */,
				9B1214F11FD8B200008C974D /* ship.png */,
				9B1214EF1FD8B0B7008C974D /* space.png */,
				9B1214ED1FD8972B008C974D /* ship.jpg */,
			);
			name = images;
			sourceTree = "<group>";
		};
		9BA635E31FDF380800768058 /* icones */ = {
			isa = PBXGroup;
			children = (
				9BA635FF1FDF3A0D00768058 /* Icon-16.png */,
				9BA635F81FDF3A0D00768058 /* Icon-20.png */,
				9BA635E81FDF3A0C00768058 /* Icon-29.png */,
				9BA635FD1FDF3A0D00768058 /* Icon-32.png */,
				9BA635EE1FDF3A0C00768058 /* Icon-40.png */,
				9BA636001FDF3A0D00768058 /* Icon-48.png */,
				9BA635E41FDF3A0B00768058 /* Icon-50.png */,
				9BA635F61FDF3A0D00768058 /* Icon-55.png */,
				9BA635EB1FDF3A0C00768058 /* Icon-57.png */,
				9BA635FA1FDF3A0D00768058 /* Icon-58.png */,
				9BA635F41FDF3A0C00768058 /* Icon-60.png */,
				9BA635FB1FDF3A0D00768058 /* Icon-64.png */,
				9BA635EA1FDF3A0C00768058 /* Icon-72.png */,
				9BA635F91FDF3A0D00768058 /* Icon-76.png */,
				9BA635EF1FDF3A0C00768058 /* Icon-80.png */,
				9BA636011FDF3A0D00768058 /* Icon-87.png */,
				9BA635E51FDF3A0C00768058 /* Icon-88.png */,
				9BA635F11FDF3A0C00768058 /* Icon-100.png */,
				9BA635F01FDF3A0C00768058 /* Icon-114.png */,
				9BA635FE1FDF3A0D00768058 /* Icon-120.png */,
				9BA635EC1FDF3A0C00768058 /* Icon-128.png */,
				9BA635E91FDF3A0C00768058 /* Icon-144.png */,
				9BA635F31FDF3A0C00768058 /* Icon-152.png */,
				9BA635F21FDF3A0C00768058 /* Icon-167.png */,
				9BA635E61FDF3A0C00768058 /* Icon-172.png */,
				9BA635ED1FDF3A0C00768058 /* Icon-180.png */,
				9BA635F51FDF3A0D00768058 /* Icon-196.png */,
				9BA635F71FDF3A0D00768058 /* Icon-256.png */,
				9BA635E71FDF3A0C00768058 /* Icon-512.png */,
				9BA635FC1FDF3A0D00768058 /* Icon-1024.png */,
			);
			name = icones;
			sourceTree = "<group>";
		};
		A83D372B1FCF8E5E007965AE = {
			isa = PBXGroup;
			children = (
				9BA635671FDF2ED800768058 /* Default-568h@2x.png */,
				A83D37361FCF8E5E007965AE /* NutDrive */,
				A83D37351FCF8E5E007965AE /* Products */,
			);
			sourceTree = "<group>";
		};
		A83D37351FCF8E5E007965AE /* Products */ = {
			isa = PBXGroup;
			children = (
				A83D37341FCF8E5E007965AE /* NutDrive.app */,
			);
			name = Products;
			sourceTree = "<group>";
		};
		A83D37361FCF8E5E007965AE /* NutDrive */ = {
			isa = PBXGroup;
			children = (
				9BA635E31FDF380800768058 /* icones */,
				9B1214EC1FD89719008C974D /* images */,
				A83D37371FCF8E5E007965AE /* AppDelegate.swift */,
				9B72F4DB1FDB2BDD0060DA06 /* Bounce.swift */,
				A83D37391FCF8E5E007965AE /* ViewController.swift */,
				A83D373B1FCF8E5E007965AE /* Main.storyboard */,
				A83D373E1FCF8E5E007965AE /* Assets.xcassets */,
				A83D37401FCF8E5E007965AE /* LaunchScreen.storyboard */,
				A83D37431FCF8E5E007965AE /* Info.plist */,
			);
			path = NutDrive;
			sourceTree = "<group>";
		};
/* End PBXGroup section */

/* Begin PBXNativeTarget section */
		A83D37331FCF8E5E007965AE /* NutDrive */ = {
			isa = PBXNativeTarget;
			buildConfigurationList = A83D37461FCF8E5E007965AE /* Build configuration list for PBXNativeTarget "NutDrive" */;
			buildPhases = (
				A83D37301FCF8E5E007965AE /* Sources */,
				A83D37311FCF8E5E007965AE /* Frameworks */,
				A83D37321FCF8E5E007965AE /* Resources */,
			);
			buildRules = (
			);
			dependencies = (
			);
			name = NutDrive;
			productName = NutDrive;
			productReference = A83D37341FCF8E5E007965AE /* NutDrive.app */;
			productType = "com.apple.product-type.application";
		};
/* End PBXNativeTarget section */

/* Begin PBXProject section */
		A83D372C1FCF8E5E007965AE /* Project object */ = {
			isa = PBXProject;
			attributes = {
				LastSwiftUpdateCheck = 0910;
				LastUpgradeCheck = 0910;
				ORGANIZATIONNAME = "Evelyn Andrade";
				TargetAttributes = {
					A83D37331FCF8E5E007965AE = {
						CreatedOnToolsVersion = 9.1;
						ProvisioningStyle = Automatic;
					};
				};
			};
			buildConfigurationList = A83D372F1FCF8E5E007965AE /* Build configuration list for PBXProject "NutDrive" */;
			compatibilityVersion = "Xcode 8.0";
			developmentRegion = en;
			hasScannedForEncodings = 0;
			knownRegions = (
				en,
				Base,
			);
			mainGroup = A83D372B1FCF8E5E007965AE;
			productRefGroup = A83D37351FCF8E5E007965AE /* Products */;
			projectDirPath = "";
			projectRoot = "";
			targets = (
				A83D37331FCF8E5E007965AE /* NutDrive */,
			);
		};
/* End PBXProject section */

/* Begin PBXResourcesBuildPhase section */
		A83D37321FCF8E5E007965AE /* Resources */ = {
			isa = PBXResourcesBuildPhase;
			buildActionMask = 2147483647;
			files = (
				9B72F4B91FDB12F30060DA06 /* StartBt.png in Resources */,
				9BA636181FDF3A0E00768058 /* Icon-58.png in Resources */,
				9BA6360E1FDF3A0E00768058 /* Icon-114.png in Resources */,
				A83D37421FCF8E5E007965AE /* LaunchScreen.storyboard in Resources */,
				9BA635681FDF2ED800768058 /* Default-568h@2x.png in Resources */,
				9BA6361F1FDF3A0E00768058 /* Icon-87.png in Resources */,
				A83D373F1FCF8E5E007965AE /* Assets.xcassets in Resources */,
				9BA6360C1FDF3A0D00768058 /* Icon-40.png in Resources */,
				9B72F5001FDB3C6B0060DA06 /* obst.png in Resources */,
				9BA636091FDF3A0D00768058 /* Icon-57.png in Resources */,
				9BA636161FDF3A0E00768058 /* Icon-20.png in Resources */,
				9BA636111FDF3A0E00768058 /* Icon-152.png in Resources */,
				9BA6360F1FDF3A0E00768058 /* Icon-100.png in Resources */,
				9BA636171FDF3A0E00768058 /* Icon-76.png in Resources */,
				9BA636031FDF3A0D00768058 /* Icon-88.png in Resources */,
				9B1214F01FD8B0B8008C974D /* space.png in Resources */,
				9BA636061FDF3A0D00768058 /* Icon-29.png in Resources */,
				9BA6361C1FDF3A0E00768058 /* Icon-120.png in Resources */,
				9BA636041FDF3A0D00768058 /* Icon-172.png in Resources */,
				A83D373D1FCF8E5E007965AE /* Main.storyboard in Resources */,
				9BA6360B1FDF3A0D00768058 /* Icon-180.png in Resources */,
				9BA636021FDF3A0D00768058 /* Icon-50.png in Resources */,
				9BA6360D1FDF3A0D00768058 /* Icon-80.png in Resources */,
				9BA6361A1FDF3A0E00768058 /* Icon-1024.png in Resources */,
				9BA636151FDF3A0E00768058 /* Icon-256.png in Resources */,
				9BA6361D1FDF3A0E00768058 /* Icon-16.png in Resources */,
				9BA636051FDF3A0D00768058 /* Icon-512.png in Resources */,
				9BA6361E1FDF3A0E00768058 /* Icon-48.png in Resources */,
				9B1214EE1FD8972B008C974D /* ship.jpg in Resources */,
				9BA636121FDF3A0E00768058 /* Icon-60.png in Resources */,
				9BA636101FDF3A0E00768058 /* Icon-167.png in Resources */,
				9BA636081FDF3A0D00768058 /* Icon-72.png in Resources */,
				9BA636071FDF3A0D00768058 /* Icon-144.png in Resources */,
				9BA6361B1FDF3A0E00768058 /* Icon-32.png in Resources */,
				9BA6360A1FDF3A0D00768058 /* Icon-128.png in Resources */,
				9BA636191FDF3A0E00768058 /* Icon-64.png in Resources */,
				9BA636131FDF3A0E00768058 /* Icon-196.png in Resources */,
				9BA636141FDF3A0E00768058 /* Icon-55.png in Resources */,
				9B1214F21FD8B200008C974D /* ship.png in Resources */,
			);
			runOnlyForDeploymentPostprocessing = 0;
		};
/* End PBXResourcesBuildPhase section */

/* Begin PBXSourcesBuildPhase section */
		A83D37301FCF8E5E007965AE /* Sources */ = {
			isa = PBXSourcesBuildPhase;
			buildActionMask = 2147483647;
			files = (
				9B72F4DC1FDB2BDD0060DA06 /* Bounce.swift in Sources */,
				A83D373A1FCF8E5E007965AE /* ViewController.swift in Sources */,
				A83D37381FCF8E5E007965AE /* AppDelegate.swift in Sources */,
			);
			runOnlyForDeploymentPostprocessing = 0;
		};
/* End PBXSourcesBuildPhase section */

/* Begin PBXVariantGroup section */
		A83D373B1FCF8E5E007965AE /* Main.storyboard */ = {
			isa = PBXVariantGroup;
			children = (
				A83D373C1FCF8E5E007965AE /* Base */,
			);
			name = Main.storyboard;
			sourceTree = "<group>";
		};
		A83D37401FCF8E5E007965AE /* LaunchScreen.storyboard */ = {
			isa = PBXVariantGroup;
			children = (
				A83D37411FCF8E5E007965AE /* Base */,
			);
			name = LaunchScreen.storyboard;
			sourceTree = "<group>";
		};
/* End PBXVariantGroup section */

/* Begin XCBuildConfiguration section */
		A83D37441FCF8E5E007965AE /* Debug */ = {
			isa = XCBuildConfiguration;
			buildSettings = {
				ALWAYS_SEARCH_USER_PATHS = NO;
				CLANG_ANALYZER_NONNULL = YES;
				CLANG_ANALYZER_NUMBER_OBJECT_CONVERSION = YES_AGGRESSIVE;
				CLANG_CXX_LANGUAGE_STANDARD = "gnu++14";
				CLANG_CXX_LIBRARY = "libc++";
				CLANG_ENABLE_MODULES = YES;
				CLANG_ENABLE_OBJC_ARC = YES;
				CLANG_WARN_BLOCK_CAPTURE_AUTORELEASING = YES;
				CLANG_WARN_BOOL_CONVERSION = YES;
				CLANG_WARN_COMMA = YES;
				CLANG_WARN_CONSTANT_CONVERSION = YES;
				CLANG_WARN_DIRECT_OBJC_ISA_USAGE = YES_ERROR;
				CLANG_WARN_DOCUMENTATION_COMMENTS = YES;
				CLANG_WARN_EMPTY_BODY = YES;
				CLANG_WARN_ENUM_CONVERSION = YES;
				CLANG_WARN_INFINITE_RECURSION = YES;
				CLANG_WARN_INT_CONVERSION = YES;
				CLANG_WARN_NON_LITERAL_NULL_CONVERSION = YES;
				CLANG_WARN_OBJC_LITERAL_CONVERSION = YES;
				CLANG_WARN_OBJC_ROOT_CLASS = YES_ERROR;
				CLANG_WARN_RANGE_LOOP_ANALYSIS = YES;
				CLANG_WARN_STRICT_PROTOTYPES = YES;
				CLANG_WARN_SUSPICIOUS_MOVE = YES;
				CLANG_WARN_UNGUARDED_AVAILABILITY = YES_AGGRESSIVE;
				CLANG_WARN_UNREACHABLE_CODE = YES;
				CLANG_WARN__DUPLICATE_METHOD_MATCH = YES;
				CODE_SIGN_IDENTITY = "iPhone Developer";
				COPY_PHASE_STRIP = NO;
				DEBUG_INFORMATION_FORMAT = dwarf;
				ENABLE_STRICT_OBJC_MSGSEND = YES;
				ENABLE_TESTABILITY = YES;
				GCC_C_LANGUAGE_STANDARD = gnu11;
				GCC_DYNAMIC_NO_PIC = NO;
				GCC_NO_COMMON_BLOCKS = YES;
				GCC_OPTIMIZATION_LEVEL = 0;
				GCC_PREPROCESSOR_DEFINITIONS = (
					"DEBUG=1",
					"$(inherited)",
				);
				GCC_WARN_64_TO_32_BIT_CONVERSION = YES;
				GCC_WARN_ABOUT_RETURN_TYPE = YES_ERROR;
				GCC_WARN_UNDECLARED_SELECTOR = YES;
				GCC_WARN_UNINITIALIZED_AUTOS = YES_AGGRESSIVE;
				GCC_WARN_UNUSED_FUNCTION = YES;
				GCC_WARN_UNUSED_VARIABLE = YES;
				IPHONEOS_DEPLOYMENT_TARGET = 11.1;
				MTL_ENABLE_DEBUG_INFO = YES;
				ONLY_ACTIVE_ARCH = YES;
				SDKROOT = iphoneos;
				SWIFT_ACTIVE_COMPILATION_CONDITIONS = DEBUG;
				SWIFT_OPTIMIZATION_LEVEL = "-Onone";
			};
			name = Debug;
		};
		A83D37451FCF8E5E007965AE /* Release */ = {
			isa = XCBuildConfiguration;
			buildSettings = {
				ALWAYS_SEARCH_USER_PATHS = NO;
				CLANG_ANALYZER_NONNULL = YES;
				CLANG_ANALYZER_NUMBER_OBJECT_CONVERSION = YES_AGGRESSIVE;
				CLANG_CXX_LANGUAGE_STANDARD = "gnu++14";
				CLANG_CXX_LIBRARY = "libc++";
				CLANG_ENABLE_MODULES = YES;
				CLANG_ENABLE_OBJC_ARC = YES;
				CLANG_WARN_BLOCK_CAPTURE_AUTORELEASING = YES;
				CLANG_WARN_BOOL_CONVERSION = YES;
				CLANG_WARN_COMMA = YES;
				CLANG_WARN_CONSTANT_CONVERSION = YES;
				CLANG_WARN_DIRECT_OBJC_ISA_USAGE = YES_ERROR;
				CLANG_WARN_DOCUMENTATION_COMMENTS = YES;
				CLANG_WARN_EMPTY_BODY = YES;
				CLANG_WARN_ENUM_CONVERSION = YES;
				CLANG_WARN_INFINITE_RECURSION = YES;
				CLANG_WARN_INT_CONVERSION = YES;
				CLANG_WARN_NON_LITERAL_NULL_CONVERSION = YES;
				CLANG_WARN_OBJC_LITERAL_CONVERSION = YES;
				CLANG_WARN_OBJC_ROOT_CLASS = YES_ERROR;
				CLANG_WARN_RANGE_LOOP_ANALYSIS = YES;
				CLANG_WARN_STRICT_PROTOTYPES = YES;
				CLANG_WARN_SUSPICIOUS_MOVE = YES;
				CLANG_WARN_UNGUARDED_AVAILABILITY = YES_AGGRESSIVE;
				CLANG_WARN_UNREACHABLE_CODE = YES;
				CLANG_WARN__DUPLICATE_METHOD_MATCH = YES;
				CODE_SIGN_IDENTITY = "iPhone Developer";
				COPY_PHASE_STRIP = NO;
				DEBUG_INFORMATION_FORMAT = "dwarf-with-dsym";
				ENABLE_NS_ASSERTIONS = NO;
				ENABLE_STRICT_OBJC_MSGSEND = YES;
				GCC_C_LANGUAGE_STANDARD = gnu11;
				GCC_NO_COMMON_BLOCKS = YES;
				GCC_WARN_64_TO_32_BIT_CONVERSION = YES;
				GCC_WARN_ABOUT_RETURN_TYPE = YES_ERROR;
				GCC_WARN_UNDECLARED_SELECTOR = YES;
				GCC_WARN_UNINITIALIZED_AUTOS = YES_AGGRESSIVE;
				GCC_WARN_UNUSED_FUNCTION = YES;
				GCC_WARN_UNUSED_VARIABLE = YES;
				IPHONEOS_DEPLOYMENT_TARGET = 11.1;
				MTL_ENABLE_DEBUG_INFO = NO;
				SDKROOT = iphoneos;
				SWIFT_OPTIMIZATION_LEVEL = "-Owholemodule";
				VALIDATE_PRODUCT = YES;
			};
			name = Release;
		};
		A83D37471FCF8E5E007965AE /* Debug */ = {
			isa = XCBuildConfiguration;
			buildSettings = {
				ASSETCATALOG_COMPILER_APPICON_NAME = AppIcon;
				CODE_SIGN_STYLE = Automatic;
				INFOPLIST_FILE = NutDrive/Info.plist;
				LD_RUNPATH_SEARCH_PATHS = "$(inherited) @executable_path/Frameworks";
				PRODUCT_BUNDLE_IDENTIFIER = evy.NutDrive;
				PRODUCT_NAME = "$(TARGET_NAME)";
				SWIFT_VERSION = 4.0;
				TARGETED_DEVICE_FAMILY = "1,2";
			};
			name = Debug;
		};
		A83D37481FCF8E5E007965AE /* Release */ = {
			isa = XCBuildConfiguration;
			buildSettings = {
				ASSETCATALOG_COMPILER_APPICON_NAME = AppIcon;
				CODE_SIGN_STYLE = Automatic;
				INFOPLIST_FILE = NutDrive/Info.plist;
				LD_RUNPATH_SEARCH_PATHS = "$(inherited) @executable_path/Frameworks";
				PRODUCT_BUNDLE_IDENTIFIER = evy.NutDrive;
				PRODUCT_NAME = "$(TARGET_NAME)";
				SWIFT_VERSION = 4.0;
				TARGETED_DEVICE_FAMILY = "1,2";
			};
			name = Release;
		};
/* End XCBuildConfiguration section */

/* Begin XCConfigurationList section */
		A83D372F1FCF8E5E007965AE /* Build configuration list for PBXProject "NutDrive" */ = {
			isa = XCConfigurationList;
			buildConfigurations = (
				A83D37441FCF8E5E007965AE /* Debug */,
				A83D37451FCF8E5E007965AE /* Release */,
			);
			defaultConfigurationIsVisible = 0;
			defaultConfigurationName = Release;
		};
		A83D37461FCF8E5E007965AE /* Build configuration list for PBXNativeTarget "NutDrive" */ = {
			isa = XCConfigurationList;
			buildConfigurations = (
				A83D37471FCF8E5E007965AE /* Debug */,
				A83D37481FCF8E5E007965AE /* Release */,
			);
			defaultConfigurationIsVisible = 0;
			defaultConfigurationName = Release;
		};
/* End XCConfigurationList section */
	};
	rootObject = A83D372C1FCF8E5E007965AE /* Project object */;
}
